
Microsoft Visual Studio Solution File, Format Version 12.00
# Visual Studio 2015
Project("{FAE04EC0-301F-11D3-BF4B-00C04F79EFBC}") = "UnityProj.CSharp", "UnityProj.CSharp.csproj", "{4D7EC146-20D5-C9B0-CD41-636DDAF77F99}"
EndProject
Global
	GlobalSection(SolutionConfigurationPlatforms) = preSolution
		Debug|Any CPU = Debug|Any CPU
		Release|Any CPU = Release|Any CPU
	EndGlobalSection
	GlobalSection(ProjectConfigurationPlatforms) = postSolution
		{4D7EC146-20D5-C9B0-CD41-636DDAF77F99}.Debug|Any CPU.ActiveCfg = Debug|Any CPU
		{4D7EC146-20D5-C9B0-CD41-636DDAF77F99}.Debug|Any CPU.Build.0 = Debug|Any CPU
		{4D7EC146-20D5-C9B0-CD41-636DDAF77F99}.Release|Any CPU.ActiveCfg = Release|Any CPU
		{4D7EC146-20D5-C9B0-CD41-636DDAF77F99}.Release|Any CPU.Build.0 = Release|Any CPU
	EndGlobalSection
	GlobalSection(SolutionProperties) = preSolution
		HideSolutionNode = FALSE
	EndGlobalSection
EndGlobal
